id: bb60_iq
label: 'BB60: IQ Source'
category: '[Signal Hound]'

templates:
  imports: import bb60
  make: bb60.iq(${center}, ${reflevel}, ${decimation}, ${bandwidth}, ${purge})
  callbacks:
  - set_center(${center})
  - set_reflevel(${reflevel})
  - set_decimation(${decimation})
  - set_bandwidth(${bandwidth})
  - set_purge(${purge})

parameters:
  - id: center
    label: Center Frequency
    dtype: float
    default: 1e9
  - id: reflevel
    label: Reference Level
    dtype: float
    default: -20
  - id: decimation
    label: Decimation
    dtype: int
    default: 1
  - id: bandwidth
    label: Bandwidth
    dtype: float
    default: 27e6
  - id: purge
    label: Purge
    dtype: bool
    default: false

inputs:

outputs:
  - label: out
    domain: stream
    dtype: complex

file_format: 1
